<?xml version="1.0" encoding="UTF-8"?>
<CodeBlocks_project_file>
	<FileVersion major="1" minor="6"/>
	<Project>
		<Option title="Cpp_Weak1"/>
		<Option makefile_is_custom="1"/>
		<Option compiler="gcc"/>
		<Option virtualFolders="CMake Files\;"/>
		<Build>
			<Target title="all">
				<Option working_dir="/home/jwkim98/CLionProjects/Cpp_Weak1"/>
				<Option type="4"/>
				<MakeCommands>
					<Build command="/usr/bin/make -f &quot;/home/jwkim98/CLionProjects/Cpp_Weak1/Makefile&quot;  VERBOSE=1 all"/>
					<CompileFile command="/usr/bin/make -f &quot;/home/jwkim98/CLionProjects/Cpp_Weak1/Makefile&quot;  VERBOSE=1 &quot;$file&quot;"/>
					<Clean command="/usr/bin/make -f &quot;/home/jwkim98/CLionProjects/Cpp_Weak1/Makefile&quot;  VERBOSE=1 clean"/>
					<DistClean command="/usr/bin/make -f &quot;/home/jwkim98/CLionProjects/Cpp_Weak1/Makefile&quot;  VERBOSE=1 clean"/>
				</MakeCommands>
			</Target>
			<Target title="rebuild_cache">
				<Option working_dir="/home/jwkim98/CLionProjects/Cpp_Weak1"/>
				<Option type="4"/>
				<MakeCommands>
					<Build command="/usr/bin/make -f &quot;/home/jwkim98/CLionProjects/Cpp_Weak1/Makefile&quot;  VERBOSE=1 rebuild_cache"/>
					<CompileFile command="/usr/bin/make -f &quot;/home/jwkim98/CLionProjects/Cpp_Weak1/Makefile&quot;  VERBOSE=1 &quot;$file&quot;"/>
					<Clean command="/usr/bin/make -f &quot;/home/jwkim98/CLionProjects/Cpp_Weak1/Makefile&quot;  VERBOSE=1 clean"/>
					<DistClean command="/usr/bin/make -f &quot;/home/jwkim98/CLionProjects/Cpp_Weak1/Makefile&quot;  VERBOSE=1 clean"/>
				</MakeCommands>
			</Target>
			<Target title="Cpp_Weak1">
				<Option output="/home/jwkim98/CLionProjects/Cpp_Weak1/Build/Cpp_Weak1" prefix_auto="0" extension_auto="0"/>
				<Option working_dir="/home/jwkim98/CLionProjects/Cpp_Weak1/Build"/>
				<Option object_output="./"/>
				<Option type="1"/>
				<Option compiler="gcc"/>
				<Compiler>
					<Add directory="/home/jwkim98/CLionProjects/Cpp_Weak1/Headers"/>
				</Compiler>
				<MakeCommands>
					<Build command="/usr/bin/make -f &quot;/home/jwkim98/CLionProjects/Cpp_Weak1/Makefile&quot;  VERBOSE=1 Cpp_Weak1"/>
					<CompileFile command="/usr/bin/make -f &quot;/home/jwkim98/CLionProjects/Cpp_Weak1/Makefile&quot;  VERBOSE=1 &quot;$file&quot;"/>
					<Clean command="/usr/bin/make -f &quot;/home/jwkim98/CLionProjects/Cpp_Weak1/Makefile&quot;  VERBOSE=1 clean"/>
					<DistClean command="/usr/bin/make -f &quot;/home/jwkim98/CLionProjects/Cpp_Weak1/Makefile&quot;  VERBOSE=1 clean"/>
				</MakeCommands>
			</Target>
			<Target title="Cpp_Weak1/fast">
				<Option output="/home/jwkim98/CLionProjects/Cpp_Weak1/Build/Cpp_Weak1" prefix_auto="0" extension_auto="0"/>
				<Option working_dir="/home/jwkim98/CLionProjects/Cpp_Weak1/Build"/>
				<Option object_output="./"/>
				<Option type="1"/>
				<Option compiler="gcc"/>
				<Compiler>
					<Add directory="/home/jwkim98/CLionProjects/Cpp_Weak1/Headers"/>
				</Compiler>
				<MakeCommands>
					<Build command="/usr/bin/make -f &quot;/home/jwkim98/CLionProjects/Cpp_Weak1/Makefile&quot;  VERBOSE=1 Cpp_Weak1/fast"/>
					<CompileFile command="/usr/bin/make -f &quot;/home/jwkim98/CLionProjects/Cpp_Weak1/Makefile&quot;  VERBOSE=1 &quot;$file&quot;"/>
					<Clean command="/usr/bin/make -f &quot;/home/jwkim98/CLionProjects/Cpp_Weak1/Makefile&quot;  VERBOSE=1 clean"/>
					<DistClean command="/usr/bin/make -f &quot;/home/jwkim98/CLionProjects/Cpp_Weak1/Makefile&quot;  VERBOSE=1 clean"/>
				</MakeCommands>
			</Target>
			<Target title="edit_cache">
				<Option working_dir="/home/jwkim98/CLionProjects/Cpp_Weak1"/>
				<Option type="4"/>
				<MakeCommands>
					<Build command="/usr/bin/make -f &quot;/home/jwkim98/CLionProjects/Cpp_Weak1/Makefile&quot;  VERBOSE=1 edit_cache"/>
					<CompileFile command="/usr/bin/make -f &quot;/home/jwkim98/CLionProjects/Cpp_Weak1/Makefile&quot;  VERBOSE=1 &quot;$file&quot;"/>
					<Clean command="/usr/bin/make -f &quot;/home/jwkim98/CLionProjects/Cpp_Weak1/Makefile&quot;  VERBOSE=1 clean"/>
					<DistClean command="/usr/bin/make -f &quot;/home/jwkim98/CLionProjects/Cpp_Weak1/Makefile&quot;  VERBOSE=1 clean"/>
				</MakeCommands>
			</Target>
		</Build>
		<Unit filename="/home/jwkim98/CLionProjects/Cpp_Weak1/Headers/ExampleClass.hpp">
			<Option target="Cpp_Weak1"/>
		</Unit>
		<Unit filename="/home/jwkim98/CLionProjects/Cpp_Weak1/Sources/ExampleClass.cpp">
			<Option target="Cpp_Weak1"/>
		</Unit>
		<Unit filename="/home/jwkim98/CLionProjects/Cpp_Weak1/Sources/main.cpp">
			<Option target="Cpp_Weak1"/>
		</Unit>
		<Unit filename="/home/jwkim98/CLionProjects/Cpp_Weak1/CMakeLists.txt">
			<Option virtualFolder="CMake Files\"/>
		</Unit>
	</Project>
</CodeBlocks_project_file>
